
Microsoft Visual Studio Solution File, Format Version 12.00
# Visual Studio 2013
VisualStudioVersion = 12.0.30501.0
MinimumVisualStudioVersion = 10.0.40219.1
Project("{2150E333-8FDC-42A3-9474-1A3956D46DE8}") = ".nuget", ".nuget", "{E0269CB0-52D5-43BD-89A5-5849B55DF312}"
	ProjectSection(SolutionItems) = preProject
		.nuget\packages.config = .nuget\packages.config
	EndProjectSection
EndProject
Project("{2150E333-8FDC-42A3-9474-1A3956D46DE8}") = "Solution Items", "Solution Items", "{1A7284C5-52B7-4273-89F0-F3DDFD1BEFC1}"
	ProjectSection(SolutionItems) = preProject
		ProductAssemblyInfo.cs = ProductAssemblyInfo.cs
	EndProjectSection
EndProject
Project("{FAE04EC0-301F-11D3-BF4B-00C04F79EFBC}") = "Toolbelt", "Toolbelt\Toolbelt.csproj", "{C0183819-3E62-4D5E-A7B3-2A8116349C9D}"
EndProject
Project("{FAE04EC0-301F-11D3-BF4B-00C04F79EFBC}") = "Toolbelt.Tests", "Toolbelt.Tests\Toolbelt.Tests.csproj", "{C19DCF22-47FF-451E-86AA-980F722B9C79}"
EndProject
Global
	GlobalSection(SolutionConfigurationPlatforms) = preSolution
		Debug|Any CPU = Debug|Any CPU
		Release|Any CPU = Release|Any CPU
	EndGlobalSection
	GlobalSection(ProjectConfigurationPlatforms) = postSolution
		{C0183819-3E62-4D5E-A7B3-2A8116349C9D}.Debug|Any CPU.ActiveCfg = Debug|Any CPU
		{C0183819-3E62-4D5E-A7B3-2A8116349C9D}.Debug|Any CPU.Build.0 = Debug|Any CPU
		{C0183819-3E62-4D5E-A7B3-2A8116349C9D}.Release|Any CPU.ActiveCfg = Release|Any CPU
		{C0183819-3E62-4D5E-A7B3-2A8116349C9D}.Release|Any CPU.Build.0 = Release|Any CPU
		{C19DCF22-47FF-451E-86AA-980F722B9C79}.Debug|Any CPU.ActiveCfg = Debug|Any CPU
		{C19DCF22-47FF-451E-86AA-980F722B9C79}.Debug|Any CPU.Build.0 = Debug|Any CPU
		{C19DCF22-47FF-451E-86AA-980F722B9C79}.Release|Any CPU.ActiveCfg = Release|Any CPU
		{C19DCF22-47FF-451E-86AA-980F722B9C79}.Release|Any CPU.Build.0 = Release|Any CPU
	EndGlobalSection
	GlobalSection(SolutionProperties) = preSolution
		HideSolutionNode = FALSE
	EndGlobalSection
EndGlobal
